PODS:
  - EarlGrey (1.15.0)
  - SwifterSwift (4.5.0):
    - SwifterSwift/AppKit (= 4.5.0)
    - SwifterSwift/CoreGraphics (= 4.5.0)
    - SwifterSwift/CoreLocation (= 4.5.0)
    - SwifterSwift/Foundation (= 4.5.0)
    - SwifterSwift/MapKit (= 4.5.0)
    - SwifterSwift/SpriteKit (= 4.5.0)
    - SwifterSwift/SwiftStdlib (= 4.5.0)
    - SwifterSwift/UIKit (= 4.5.0)
  - SwifterSwift/AppKit (4.5.0)
  - SwifterSwift/CoreGraphics (4.5.0)
  - SwifterSwift/CoreLocation (4.5.0)
  - SwifterSwift/Foundation (4.5.0)
  - SwifterSwift/MapKit (4.5.0)
  - SwifterSwift/SpriteKit (4.5.0)
  - SwifterSwift/SwiftStdlib (4.5.0)
  - SwifterSwift/UIKit (4.5.0)

DEPENDENCIES:
  - EarlGrey
  - SwifterSwift

SPEC REPOS:
  https://github.com/cocoapods/specs.git:
    - EarlGrey
    - SwifterSwift

SPEC CHECKSUMS:
  EarlGrey: 289a16cc7d08a54b962d72881b21e36d5103b549
  SwifterSwift: 45339f9100181f0ca1d9b46248e45d0879a48596

PODFILE CHECKSUM: a1eab87e029276cf19bc31488645aab5e4e48ba9

COCOAPODS: 1.6.0.beta.1
