PODS:
  - EarlGrey (1.12.1)
  - SwifterSwift (4.1.0):
    - SwifterSwift/AppKit (= 4.1.0)
    - SwifterSwift/CoreGraphics (= 4.1.0)
    - SwifterSwift/CoreLocation (= 4.1.0)
    - SwifterSwift/Foundation (= 4.1.0)
    - SwifterSwift/SwiftStdlib (= 4.1.0)
    - SwifterSwift/UIKit (= 4.1.0)
  - SwifterSwift/AppKit (4.1.0)
  - SwifterSwift/CoreGraphics (4.1.0)
  - SwifterSwift/CoreLocation (4.1.0)
  - SwifterSwift/Foundation (4.1.0)
  - SwifterSwift/SwiftStdlib (4.1.0)
  - SwifterSwift/UIKit (4.1.0)

DEPENDENCIES:
  - EarlGrey
  - SwifterSwift

SPEC CHECKSUMS:
  EarlGrey: f7774b813c888ebdb9a21e612d67874d17d5a326
  SwifterSwift: 4d962b5d653760b85266832aff6ab6d08c1b7974

PODFILE CHECKSUM: 11387fb27acec51e87749ec9759e79caec745a7e

COCOAPODS: 1.4.0.rc.1
